
Microsoft Visual Studio Solution File, Format Version 12.00
# Visual Studio Version 16
VisualStudioVersion = 16.0.29215.179
MinimumVisualStudioVersion = 10.0.40219.1
Project("{9A19103F-16F7-4668-BE54-9A1E7A4F7556}") = "StarshipWanderer", "StarshipWanderer.csproj", "{BE8AEA42-7F88-4ECF-9BC1-65CA981A05B5}"
EndProject
Global
	GlobalSection(SolutionConfigurationPlatforms) = preSolution
		Debug|Any CPU = Debug|Any CPU
		Release|Any CPU = Release|Any CPU
	EndGlobalSection
	GlobalSection(ProjectConfigurationPlatforms) = postSolution
		{BE8AEA42-7F88-4ECF-9BC1-65CA981A05B5}.Debug|Any CPU.ActiveCfg = Debug|Any CPU
		{BE8AEA42-7F88-4ECF-9BC1-65CA981A05B5}.Debug|Any CPU.Build.0 = Debug|Any CPU
		{BE8AEA42-7F88-4ECF-9BC1-65CA981A05B5}.Release|Any CPU.ActiveCfg = Release|Any CPU
		{BE8AEA42-7F88-4ECF-9BC1-65CA981A05B5}.Release|Any CPU.Build.0 = Release|Any CPU
	EndGlobalSection
	GlobalSection(SolutionProperties) = preSolution
		HideSolutionNode = FALSE
	EndGlobalSection
	GlobalSection(ExtensibilityGlobals) = postSolution
		SolutionGuid = {507D4230-F7B3-4D4F-A5E2-BDCDC9740E67}
	EndGlobalSection
EndGlobal
