
Microsoft Visual Studio Solution File, Format Version 12.00
# Visual Studio Version 16
VisualStudioVersion = 16.0.29215.179
MinimumVisualStudioVersion = 10.0.40219.1
Project("{9A19103F-16F7-4668-BE54-9A1E7A4F7556}") = "StarshipWanderer", "src\StarshipWanderer.csproj", "{BE8AEA42-7F88-4ECF-9BC1-65CA981A05B5}"
EndProject
Project("{9A19103F-16F7-4668-BE54-9A1E7A4F7556}") = "Tests", "Tests\Tests.csproj", "{D2121C44-CEEF-40AE-9F5C-F366040BBA49}"
EndProject
Project("{2150E333-8FDC-42A3-9474-1A3956D46DE8}") = "SolutionItems", "SolutionItems", "{7EAB072C-9DC1-4CCD-9611-0D66669699F3}"
	ProjectSection(SolutionItems) = preProject
		README.md = README.md
	EndProjectSection
EndProject
Global
	GlobalSection(SolutionConfigurationPlatforms) = preSolution
		Debug|Any CPU = Debug|Any CPU
		Release|Any CPU = Release|Any CPU
	EndGlobalSection
	GlobalSection(ProjectConfigurationPlatforms) = postSolution
		{BE8AEA42-7F88-4ECF-9BC1-65CA981A05B5}.Debug|Any CPU.ActiveCfg = Debug|Any CPU
		{BE8AEA42-7F88-4ECF-9BC1-65CA981A05B5}.Debug|Any CPU.Build.0 = Debug|Any CPU
		{BE8AEA42-7F88-4ECF-9BC1-65CA981A05B5}.Release|Any CPU.ActiveCfg = Release|Any CPU
		{BE8AEA42-7F88-4ECF-9BC1-65CA981A05B5}.Release|Any CPU.Build.0 = Release|Any CPU
		{D2121C44-CEEF-40AE-9F5C-F366040BBA49}.Debug|Any CPU.ActiveCfg = Debug|Any CPU
		{D2121C44-CEEF-40AE-9F5C-F366040BBA49}.Debug|Any CPU.Build.0 = Debug|Any CPU
		{D2121C44-CEEF-40AE-9F5C-F366040BBA49}.Release|Any CPU.ActiveCfg = Release|Any CPU
		{D2121C44-CEEF-40AE-9F5C-F366040BBA49}.Release|Any CPU.Build.0 = Release|Any CPU
	EndGlobalSection
	GlobalSection(SolutionProperties) = preSolution
		HideSolutionNode = FALSE
	EndGlobalSection
	GlobalSection(ExtensibilityGlobals) = postSolution
		SolutionGuid = {507D4230-F7B3-4D4F-A5E2-BDCDC9740E67}
	EndGlobalSection
EndGlobal
